# This file was autogenerated by Stack.
# You should not edit this file by hand.
# For more information, please see the documentation at:
#   https://docs.haskellstack.org/en/stable/lock_files

packages:
- completed:
    hackage: backprop-0.2.6.4@sha256:9c08b0bace225b9a1ac08ce8201bad5ae140bcb501f70704a57db7ee99334618,2805
    pantry-tree:
      size: 2123
      sha256: 43bfca6c02c69f5fc48caad795f573cfe6a1134610bef0234954736e096047fe
  original:
    hackage: backprop-0.2.6.4
- completed:
    hackage: numhask-0.6.0@sha256:f272b77dde4b598dd3af2fd12a2bf7abb3c296295ebc3fafefa628ee6726be39,1621
    pantry-tree:
      size: 1656
      sha256: 9f6c30b5217b3e8b32cec46ae8b2b2831a84949b4be3c714fe571077cf4a6542
  original:
    hackage: numhask-0.6.0
- completed:
    hackage: numhask-array-0.7.0@sha256:75e3e08e37e93a5eb9d5d219a7c4eeae933f4f76e8b254ff6e41440dae5f27fb,1614
    pantry-tree:
      size: 643
      sha256: f66ae2c5e1301d13f8b7e7f11d38d6e6116dce29a72a035b78d8970a384016b3
  original:
    hackage: numhask-array-0.7.0
- completed:
    hackage: vinyl-0.12.3@sha256:bc6bf64231a62656c2f01d26fc27876ea8664b670b019f6b7d94f357f20600d2,3871
    pantry-tree:
      size: 1857
      sha256: 5dccd8ac766eaa1936774ae33ced6ff95cce719217d1550661a492474e6ea34a
  original:
    hackage: vinyl-0.12.3
snapshots:
- completed:
    size: 503181
    url: https://raw.githubusercontent.com/commercialhaskell/stackage-snapshots/master/nightly/2020/6/25.yaml
    sha256: 96e98363790e62f4498da632069a03101cf588b3b47925e707f080cff4b6cfbb
  original: nightly-2020-06-25
