# This file was autogenerated by Stack.
# You should not edit this file by hand.
# For more information, please see the documentation at:
#   https://docs.haskellstack.org/en/stable/lock_files

packages:
- completed:
    name: numhask-space
    version: 0.5.0
    git: https://github.com/tonyday567/numhask-space
    pantry-tree:
      size: 1074
      sha256: a4c39e1a6edb00b40feb16077610cd306e1b48f58a277cc333b98fbf1a127f53
    commit: 6525f5096525196fe367dabdfe596a7bd0c0aa6c
  original:
    git: https://github.com/tonyday567/numhask-space
    commit: 6525f5096525196fe367dabdfe596a7bd0c0aa6c
- completed:
    subdir: numhask-prelude
    name: numhask-prelude
    version: 0.6.0
    git: https://github.com/tonyday567/numhask
    pantry-tree:
      size: 338
      sha256: c4a8b69caf234c1a0b3374d1b740b9dd60317d01e5ee7b34cdbaad32639a905c
    commit: 37ee8dced120f60a511baa6bb6c7ac382b1e8827
  original:
    subdir: numhask-prelude
    git: https://github.com/tonyday567/numhask
    commit: 37ee8dced120f60a511baa6bb6c7ac382b1e8827
- completed:
    subdir: numhask
    name: numhask
    version: 0.6.0
    git: https://github.com/tonyday567/numhask
    pantry-tree:
      size: 1668
      sha256: b8cefa8ebdadb9f9d15dcc5151b1e5d85d5b81318a3b595ed805e6a7e7dc1c61
    commit: 37ee8dced120f60a511baa6bb6c7ac382b1e8827
  original:
    subdir: numhask
    git: https://github.com/tonyday567/numhask
    commit: 37ee8dced120f60a511baa6bb6c7ac382b1e8827
- completed:
    name: numhask-array
    version: 0.7.0
    git: https://github.com/tonyday567/numhask-array
    pantry-tree:
      size: 991
      sha256: df386b88f19f1387badb4ba4fc36ead2ddfb907597b8f4c322c30b73039e8d85
    commit: 7f3d74e08c256e7cc846d348784b27e0467b00ec
  original:
    git: https://github.com/tonyday567/numhask-array
    commit: 7f3d74e08c256e7cc846d348784b27e0467b00ec
- completed:
    hackage: vinyl-0.12.2@sha256:cefc269fd137841861c13f28a3f20f5973ef24e9f1e6245b77b688f1cbd979de,3717
    pantry-tree:
      size: 1857
      sha256: 746367fcc06b7b1ffe5f55cc388df2daa3f5eb0f87b06f4e79582e3d16ef33a9
  original:
    hackage: vinyl-0.12.2
snapshots:
- completed:
    size: 503181
    url: https://raw.githubusercontent.com/commercialhaskell/stackage-snapshots/master/nightly/2020/6/25.yaml
    sha256: 96e98363790e62f4498da632069a03101cf588b3b47925e707f080cff4b6cfbb
  original: nightly-2020-06-25
